# This file is automatically @generated by Cargo.
# It is not intended for manual editing.
version = 4

[[package]]
name = "sporos-matcher"
version = "0.0.0"
dependencies = [
 "sporos-model",
]

[[package]]
name = "sporos-model"
version = "0.0.0"

[[package]]
name = "sporos-service"
version = "0.0.0"
dependencies = [
 "sporos-matcher",
 "sporos-model",
]

[[package]]
name = "sporos-testkit"
version = "0.0.0"
dependencies = [
 "sporos-matcher",
 "sporos-model",
 "sporos-service",
]
